
Microsoft Visual Studio Solution File, Format Version 12.00
# Visual Studio Version 17
VisualStudioVersion = 17.8.34511.84
MinimumVisualStudioVersion = 10.0.40219.1
Project("{FAE04EC0-301F-11D3-BF4B-00C04F79EFBC}") = "WindowsFormsApp4", "WindowsFormsApp4\WindowsFormsApp4.csproj", "{FDACEDC9-DFE7-4F7A-9BD2-5B34C91346DA}"
EndProject
Global
	GlobalSection(SolutionConfigurationPlatforms) = preSolution
		Debug|Any CPU = Debug|Any CPU
		Release|Any CPU = Release|Any CPU
	EndGlobalSection
	GlobalSection(ProjectConfigurationPlatforms) = postSolution
		{FDACEDC9-DFE7-4F7A-9BD2-5B34C91346DA}.Debug|Any CPU.ActiveCfg = Debug|Any CPU
		{FDACEDC9-DFE7-4F7A-9BD2-5B34C91346DA}.Debug|Any CPU.Build.0 = Debug|Any CPU
		{FDACEDC9-DFE7-4F7A-9BD2-5B34C91346DA}.Release|Any CPU.ActiveCfg = Release|Any CPU
		{FDACEDC9-DFE7-4F7A-9BD2-5B34C91346DA}.Release|Any CPU.Build.0 = Release|Any CPU
	EndGlobalSection
	GlobalSection(SolutionProperties) = preSolution
		HideSolutionNode = FALSE
	EndGlobalSection
	GlobalSection(ExtensibilityGlobals) = postSolution
		SolutionGuid = {489A02E5-AF6F-447B-A4D4-D30B1867B1CE}
	EndGlobalSection
EndGlobal
